
Microsoft Visual Studio Solution File, Format Version 12.00
# Visual Studio Version 17
VisualStudioVersion = 17.9.34414.90
MinimumVisualStudioVersion = 10.0.40219.1
Project("{9A19103F-16F7-4668-BE54-9A1E7A4F7556}") = "KutumbaBhoj", "KutumbaBhoj.csproj", "{C062D1DB-46B9-4941-B80A-1CF3CCEE0EA9}"
EndProject
Project("{9A19103F-16F7-4668-BE54-9A1E7A4F7556}") = "KutumbaBhoj.Application", "..\KutumbaBhoj.Application\KutumbaBhoj.Application.csproj", "{231B7D97-454E-407D-A229-A582AAC8199B}"
EndProject
Project("{9A19103F-16F7-4668-BE54-9A1E7A4F7556}") = "KutumbaBhoj.Domain", "..\KutumbaBhoj.Domain\KutumbaBhoj.Domain.csproj", "{C4F2B14B-0574-4DE0-8A1C-277E140147DF}"
EndProject
Project("{9A19103F-16F7-4668-BE54-9A1E7A4F7556}") = "KutumbaBhoj.Infrastructure", "..\KutumbaBhoj.Infrastructure\KutumbaBhoj.Infrastructure.csproj", "{569A261E-C13F-4196-B97A-DFF8E5305B51}"
EndProject
Global
	GlobalSection(SolutionConfigurationPlatforms) = preSolution
		Debug|Any CPU = Debug|Any CPU
		Release|Any CPU = Release|Any CPU
	EndGlobalSection
	GlobalSection(ProjectConfigurationPlatforms) = postSolution
		{C062D1DB-46B9-4941-B80A-1CF3CCEE0EA9}.Debug|Any CPU.ActiveCfg = Debug|Any CPU
		{C062D1DB-46B9-4941-B80A-1CF3CCEE0EA9}.Debug|Any CPU.Build.0 = Debug|Any CPU
		{C062D1DB-46B9-4941-B80A-1CF3CCEE0EA9}.Release|Any CPU.ActiveCfg = Release|Any CPU
		{C062D1DB-46B9-4941-B80A-1CF3CCEE0EA9}.Release|Any CPU.Build.0 = Release|Any CPU
		{231B7D97-454E-407D-A229-A582AAC8199B}.Debug|Any CPU.ActiveCfg = Debug|Any CPU
		{231B7D97-454E-407D-A229-A582AAC8199B}.Debug|Any CPU.Build.0 = Debug|Any CPU
		{231B7D97-454E-407D-A229-A582AAC8199B}.Release|Any CPU.ActiveCfg = Release|Any CPU
		{231B7D97-454E-407D-A229-A582AAC8199B}.Release|Any CPU.Build.0 = Release|Any CPU
		{C4F2B14B-0574-4DE0-8A1C-277E140147DF}.Debug|Any CPU.ActiveCfg = Debug|Any CPU
		{C4F2B14B-0574-4DE0-8A1C-277E140147DF}.Debug|Any CPU.Build.0 = Debug|Any CPU
		{C4F2B14B-0574-4DE0-8A1C-277E140147DF}.Release|Any CPU.ActiveCfg = Release|Any CPU
		{C4F2B14B-0574-4DE0-8A1C-277E140147DF}.Release|Any CPU.Build.0 = Release|Any CPU
		{569A261E-C13F-4196-B97A-DFF8E5305B51}.Debug|Any CPU.ActiveCfg = Debug|Any CPU
		{569A261E-C13F-4196-B97A-DFF8E5305B51}.Debug|Any CPU.Build.0 = Debug|Any CPU
		{569A261E-C13F-4196-B97A-DFF8E5305B51}.Release|Any CPU.ActiveCfg = Release|Any CPU
		{569A261E-C13F-4196-B97A-DFF8E5305B51}.Release|Any CPU.Build.0 = Release|Any CPU
	EndGlobalSection
	GlobalSection(SolutionProperties) = preSolution
		HideSolutionNode = FALSE
	EndGlobalSection
	GlobalSection(ExtensibilityGlobals) = postSolution
		SolutionGuid = {C61C40D7-5063-4C13-908C-CA2382333631}
	EndGlobalSection
EndGlobal
